
Microsoft Visual Studio Solution File, Format Version 12.00
# Visual Studio Version 16
VisualStudioVersion = 16.0.31624.102
MinimumVisualStudioVersion = 10.0.40219.1
Project("{FAE04EC0-301F-11D3-BF4B-00C04F79EFBC}") = "ProyectoCondominio", "ProyectoCondominio.csproj", "{9363CB0D-706A-4A0D-BD64-8C17879070F4}"
EndProject
Global
	GlobalSection(SolutionConfigurationPlatforms) = preSolution
		Debug|Any CPU = Debug|Any CPU
		Release|Any CPU = Release|Any CPU
	EndGlobalSection
	GlobalSection(ProjectConfigurationPlatforms) = postSolution
		{9363CB0D-706A-4A0D-BD64-8C17879070F4}.Debug|Any CPU.ActiveCfg = Debug|Any CPU
		{9363CB0D-706A-4A0D-BD64-8C17879070F4}.Debug|Any CPU.Build.0 = Debug|Any CPU
		{9363CB0D-706A-4A0D-BD64-8C17879070F4}.Release|Any CPU.ActiveCfg = Release|Any CPU
		{9363CB0D-706A-4A0D-BD64-8C17879070F4}.Release|Any CPU.Build.0 = Release|Any CPU
	EndGlobalSection
	GlobalSection(SolutionProperties) = preSolution
		HideSolutionNode = FALSE
	EndGlobalSection
	GlobalSection(ExtensibilityGlobals) = postSolution
		SolutionGuid = {0298AC63-735B-433B-A17D-FCCD03A7799B}
	EndGlobalSection
EndGlobal
